
Microsoft Visual Studio Solution File, Format Version 12.00
# Visual Studio Version 17
VisualStudioVersion = 17.9.34723.18
MinimumVisualStudioVersion = 10.0.40219.1
Project("{FAE04EC0-301F-11D3-BF4B-00C04F79EFBC}") = "B1-Apps", "B1-Apps.csproj", "{F81ECC4D-EDBD-414D-8392-0B799B555FA5}"
EndProject
Global
	GlobalSection(SolutionConfigurationPlatforms) = preSolution
		Debug|Any CPU = Debug|Any CPU
		Release|Any CPU = Release|Any CPU
	EndGlobalSection
	GlobalSection(ProjectConfigurationPlatforms) = postSolution
		{F81ECC4D-EDBD-414D-8392-0B799B555FA5}.Debug|Any CPU.ActiveCfg = Debug|Any CPU
		{F81ECC4D-EDBD-414D-8392-0B799B555FA5}.Debug|Any CPU.Build.0 = Debug|Any CPU
		{F81ECC4D-EDBD-414D-8392-0B799B555FA5}.Release|Any CPU.ActiveCfg = Release|Any CPU
		{F81ECC4D-EDBD-414D-8392-0B799B555FA5}.Release|Any CPU.Build.0 = Release|Any CPU
	EndGlobalSection
	GlobalSection(SolutionProperties) = preSolution
		HideSolutionNode = FALSE
	EndGlobalSection
	GlobalSection(ExtensibilityGlobals) = postSolution
		SolutionGuid = {3D056061-3A6E-4339-82E3-C181018ACEED}
	EndGlobalSection
EndGlobal
